
Microsoft Visual Studio Solution File, Format Version 12.00
# Visual Studio Version 16
VisualStudioVersion = 16.0.31005.135
MinimumVisualStudioVersion = 10.0.40219.1
Project("{FAE04EC0-301F-11D3-BF4B-00C04F79EFBC}") = "Academics", "Academics\Academics.csproj", "{B8207541-8BB7-49FC-BC49-653D2F423743}"
EndProject
Project("{FAE04EC0-301F-11D3-BF4B-00C04F79EFBC}") = "DAL", "DAL\DAL.csproj", "{3F4605C0-9BA5-4A1D-90C6-09A39899DAB6}"
EndProject
Project("{FAE04EC0-301F-11D3-BF4B-00C04F79EFBC}") = "LogicLayer", "DTO\LogicLayer.csproj", "{2D0A6212-42D8-4F6E-85AD-5697394F919B}"
EndProject
Project("{FAE04EC0-301F-11D3-BF4B-00C04F79EFBC}") = "EntityLayer", "EntityLayer\EntityLayer.csproj", "{BAB368E2-EE87-4EAE-9932-4E64AE56DC5B}"
EndProject
Project("{FAE04EC0-301F-11D3-BF4B-00C04F79EFBC}") = "WCFLayer", "WCFLayer\WCFLayer.csproj", "{1A4E12B0-72AD-4596-B8CF-F6B3EA37FD50}"
EndProject
Project("{E24C65DC-7377-472B-9ABA-BC803B73C61A}") = "MyHost", "MyHost\", "{149DEBD3-5D31-4DEE-B166-1BF3806537A6}"
	ProjectSection(WebsiteProperties) = preProject
		TargetFrameworkMoniker = ".NETFramework,Version%3Dv4.7.2"
		ProjectReferences = "{1a4e12b0-72ad-4596-b8cf-f6b3ea37fd50}|WCFLayer.dll;{2D0A6212-42D8-4F6E-85AD-5697394F919B}|DTO.dll;{3F4605C0-9BA5-4A1D-90C6-09A39899DAB6}|DAL.dll;{BAB368E2-EE87-4EAE-9932-4E64AE56DC5B}|EntityLayer.dll;"
		Debug.AspNetCompiler.VirtualPath = "/localhost_52300"
		Debug.AspNetCompiler.PhysicalPath = "MyHost\"
		Debug.AspNetCompiler.TargetPath = "PrecompiledWeb\localhost_52300\"
		Debug.AspNetCompiler.Updateable = "true"
		Debug.AspNetCompiler.ForceOverwrite = "true"
		Debug.AspNetCompiler.FixedNames = "false"
		Debug.AspNetCompiler.Debug = "True"
		Release.AspNetCompiler.VirtualPath = "/localhost_52300"
		Release.AspNetCompiler.PhysicalPath = "MyHost\"
		Release.AspNetCompiler.TargetPath = "PrecompiledWeb\localhost_52300\"
		Release.AspNetCompiler.Updateable = "true"
		Release.AspNetCompiler.ForceOverwrite = "true"
		Release.AspNetCompiler.FixedNames = "false"
		Release.AspNetCompiler.Debug = "False"
		VWDPort = "52300"
		SlnRelativePath = "MyHost\"
		DefaultWebSiteLanguage = "Visual C#"
	EndProjectSection
EndProject
Global
	GlobalSection(SolutionConfigurationPlatforms) = preSolution
		Debug|Any CPU = Debug|Any CPU
		Release|Any CPU = Release|Any CPU
	EndGlobalSection
	GlobalSection(ProjectConfigurationPlatforms) = postSolution
		{B8207541-8BB7-49FC-BC49-653D2F423743}.Debug|Any CPU.ActiveCfg = Debug|Any CPU
		{B8207541-8BB7-49FC-BC49-653D2F423743}.Debug|Any CPU.Build.0 = Debug|Any CPU
		{B8207541-8BB7-49FC-BC49-653D2F423743}.Release|Any CPU.ActiveCfg = Release|Any CPU
		{B8207541-8BB7-49FC-BC49-653D2F423743}.Release|Any CPU.Build.0 = Release|Any CPU
		{3F4605C0-9BA5-4A1D-90C6-09A39899DAB6}.Debug|Any CPU.ActiveCfg = Debug|Any CPU
		{3F4605C0-9BA5-4A1D-90C6-09A39899DAB6}.Debug|Any CPU.Build.0 = Debug|Any CPU
		{3F4605C0-9BA5-4A1D-90C6-09A39899DAB6}.Release|Any CPU.ActiveCfg = Release|Any CPU
		{3F4605C0-9BA5-4A1D-90C6-09A39899DAB6}.Release|Any CPU.Build.0 = Release|Any CPU
		{2D0A6212-42D8-4F6E-85AD-5697394F919B}.Debug|Any CPU.ActiveCfg = Debug|Any CPU
		{2D0A6212-42D8-4F6E-85AD-5697394F919B}.Debug|Any CPU.Build.0 = Debug|Any CPU
		{2D0A6212-42D8-4F6E-85AD-5697394F919B}.Release|Any CPU.ActiveCfg = Release|Any CPU
		{2D0A6212-42D8-4F6E-85AD-5697394F919B}.Release|Any CPU.Build.0 = Release|Any CPU
		{BAB368E2-EE87-4EAE-9932-4E64AE56DC5B}.Debug|Any CPU.ActiveCfg = Debug|Any CPU
		{BAB368E2-EE87-4EAE-9932-4E64AE56DC5B}.Debug|Any CPU.Build.0 = Debug|Any CPU
		{BAB368E2-EE87-4EAE-9932-4E64AE56DC5B}.Release|Any CPU.ActiveCfg = Release|Any CPU
		{BAB368E2-EE87-4EAE-9932-4E64AE56DC5B}.Release|Any CPU.Build.0 = Release|Any CPU
		{1A4E12B0-72AD-4596-B8CF-F6B3EA37FD50}.Debug|Any CPU.ActiveCfg = Debug|Any CPU
		{1A4E12B0-72AD-4596-B8CF-F6B3EA37FD50}.Debug|Any CPU.Build.0 = Debug|Any CPU
		{1A4E12B0-72AD-4596-B8CF-F6B3EA37FD50}.Release|Any CPU.ActiveCfg = Release|Any CPU
		{1A4E12B0-72AD-4596-B8CF-F6B3EA37FD50}.Release|Any CPU.Build.0 = Release|Any CPU
		{149DEBD3-5D31-4DEE-B166-1BF3806537A6}.Debug|Any CPU.ActiveCfg = Debug|Any CPU
		{149DEBD3-5D31-4DEE-B166-1BF3806537A6}.Debug|Any CPU.Build.0 = Debug|Any CPU
		{149DEBD3-5D31-4DEE-B166-1BF3806537A6}.Release|Any CPU.ActiveCfg = Debug|Any CPU
		{149DEBD3-5D31-4DEE-B166-1BF3806537A6}.Release|Any CPU.Build.0 = Debug|Any CPU
	EndGlobalSection
	GlobalSection(SolutionProperties) = preSolution
		HideSolutionNode = FALSE
	EndGlobalSection
	GlobalSection(ExtensibilityGlobals) = postSolution
		SolutionGuid = {44676591-00B6-4A38-A47D-74796A3993B3}
	EndGlobalSection
EndGlobal
